
Microsoft Visual Studio Solution File, Format Version 12.00
# Visual Studio 2013
VisualStudioVersion = 12.0.30723.0
MinimumVisualStudioVersion = 10.0.40219.1
Project("{2150E333-8FDC-42A3-9474-1A3956D46DE8}") = "PresentationLayer", "PresentationLayer", "{8A79B44F-5E85-4631-A329-60E565D18EB0}"
EndProject
Project("{2150E333-8FDC-42A3-9474-1A3956D46DE8}") = "DataAcessLayer", "DataAcessLayer", "{3EA9A628-4715-4CFA-8D4E-A45DF1F08ECA}"
EndProject
Project("{2150E333-8FDC-42A3-9474-1A3956D46DE8}") = "BusinessLayer", "BusinessLayer", "{300C5352-2C27-4C19-AF75-B986C6B7B727}"
EndProject
Project("{FAE04EC0-301F-11D3-BF4B-00C04F79EFBC}") = "StormySpaces.Web", "PresentationLayer\StormySpaces.Web\StormySpaces.Web.csproj", "{8312270C-4CE6-4914-BD5E-6F3C686AF3A3}"
EndProject
Global
	GlobalSection(SolutionConfigurationPlatforms) = preSolution
		Debug|Any CPU = Debug|Any CPU
		Release|Any CPU = Release|Any CPU
	EndGlobalSection
	GlobalSection(ProjectConfigurationPlatforms) = postSolution
		{8312270C-4CE6-4914-BD5E-6F3C686AF3A3}.Debug|Any CPU.ActiveCfg = Debug|Any CPU
		{8312270C-4CE6-4914-BD5E-6F3C686AF3A3}.Debug|Any CPU.Build.0 = Debug|Any CPU
		{8312270C-4CE6-4914-BD5E-6F3C686AF3A3}.Release|Any CPU.ActiveCfg = Release|Any CPU
		{8312270C-4CE6-4914-BD5E-6F3C686AF3A3}.Release|Any CPU.Build.0 = Release|Any CPU
	EndGlobalSection
	GlobalSection(SolutionProperties) = preSolution
		HideSolutionNode = FALSE
	EndGlobalSection
	GlobalSection(NestedProjects) = preSolution
		{8312270C-4CE6-4914-BD5E-6F3C686AF3A3} = {8A79B44F-5E85-4631-A329-60E565D18EB0}
	EndGlobalSection
EndGlobal
